{
  "object": {
    "pins": [
      {
        "package": "HorizontalReorder",
        "repositoryURL": "https://github.com/Isvvc/HorizontalReorder.git",
        "state": {
          "branch": "main",
          "revision": "6755b85b6e27d14e4f2ca7d0b065cfe7ceaaf42b",
          "version": null
        }
      },
      {
        "package": "SwiftDate",
        "repositoryURL": "https://github.com/malcommac/SwiftDate.git",
        "state": {
          "branch": null,
          "revision": "a25913b19833860b61fac161a706e44834f03c47",
          "version": "6.2.0"
        }
      }
    ]
  },
  "version": 1
}
