{
  "object": {
    "pins": [
      {
        "package": "HorizontalReorder",
        "repositoryURL": "https://github.com/Isvvc/HorizontalReorder.git",
        "state": {
          "branch": "main",
          "revision": "e7bc9ade9e02fa7970973ed92670944eaef91323",
          "version": null
        }
      },
      {
        "package": "SwiftDate",
        "repositoryURL": "https://github.com/malcommac/SwiftDate.git",
        "state": {
          "branch": null,
          "revision": "a25913b19833860b61fac161a706e44834f03c47",
          "version": "6.2.0"
        }
      }
    ]
  },
  "version": 1
}
